
Microsoft Visual Studio Solution File, Format Version 12.00
# Visual Studio 2015
Project("{FAE04EC0-301F-11D3-BF4B-00C04F79EFBC}") = "Grapple Snapple.Plugins", "Grapple Snapple.Plugins.csproj", "{250722D8-8F8F-2385-AA12-FF4207A1B451}"
EndProject
Project("{FAE04EC0-301F-11D3-BF4B-00C04F79EFBC}") = "Grapple Snapple", "Grapple Snapple.csproj", "{3F4C6256-3681-9177-D549-0A841A40D1FD}"
EndProject
Project("{FAE04EC0-301F-11D3-BF4B-00C04F79EFBC}") = "Grapple Snapple.Editor.Plugins", "Grapple Snapple.Editor.Plugins.csproj", "{1A370224-43B2-6416-478E-29C8AD071301}"
EndProject
Project("{FAE04EC0-301F-11D3-BF4B-00C04F79EFBC}") = "Grapple Snapple.Editor", "Grapple Snapple.Editor.csproj", "{0ACF3C7B-201C-AAA0-E564-8BD6B448300F}"
EndProject
Global
	GlobalSection(SolutionConfigurationPlatforms) = preSolution
		Debug|Any CPU = Debug|Any CPU
		Release|Any CPU = Release|Any CPU
	EndGlobalSection
	GlobalSection(ProjectConfigurationPlatforms) = postSolution
		{250722D8-8F8F-2385-AA12-FF4207A1B451}.Debug|Any CPU.ActiveCfg = Debug|Any CPU
		{250722D8-8F8F-2385-AA12-FF4207A1B451}.Debug|Any CPU.Build.0 = Debug|Any CPU
		{250722D8-8F8F-2385-AA12-FF4207A1B451}.Release|Any CPU.ActiveCfg = Release|Any CPU
		{250722D8-8F8F-2385-AA12-FF4207A1B451}.Release|Any CPU.Build.0 = Release|Any CPU
		{3F4C6256-3681-9177-D549-0A841A40D1FD}.Debug|Any CPU.ActiveCfg = Debug|Any CPU
		{3F4C6256-3681-9177-D549-0A841A40D1FD}.Debug|Any CPU.Build.0 = Debug|Any CPU
		{3F4C6256-3681-9177-D549-0A841A40D1FD}.Release|Any CPU.ActiveCfg = Release|Any CPU
		{3F4C6256-3681-9177-D549-0A841A40D1FD}.Release|Any CPU.Build.0 = Release|Any CPU
		{1A370224-43B2-6416-478E-29C8AD071301}.Debug|Any CPU.ActiveCfg = Debug|Any CPU
		{1A370224-43B2-6416-478E-29C8AD071301}.Debug|Any CPU.Build.0 = Debug|Any CPU
		{1A370224-43B2-6416-478E-29C8AD071301}.Release|Any CPU.ActiveCfg = Release|Any CPU
		{1A370224-43B2-6416-478E-29C8AD071301}.Release|Any CPU.Build.0 = Release|Any CPU
		{0ACF3C7B-201C-AAA0-E564-8BD6B448300F}.Debug|Any CPU.ActiveCfg = Debug|Any CPU
		{0ACF3C7B-201C-AAA0-E564-8BD6B448300F}.Debug|Any CPU.Build.0 = Debug|Any CPU
		{0ACF3C7B-201C-AAA0-E564-8BD6B448300F}.Release|Any CPU.ActiveCfg = Release|Any CPU
		{0ACF3C7B-201C-AAA0-E564-8BD6B448300F}.Release|Any CPU.Build.0 = Release|Any CPU
	EndGlobalSection
	GlobalSection(SolutionProperties) = preSolution
		HideSolutionNode = FALSE
	EndGlobalSection
EndGlobal
