
Microsoft Visual Studio Solution File, Format Version 11.00
# Visual Studio 2010
Project("{FAE04EC0-301F-11D3-BF4B-00C04F79EFBC}") = "Grapple Snapple", "Assembly-CSharp-firstpass.csproj", "{87EB5A69-088C-33F8-6445-44AE264B0583}"
EndProject
Project("{FAE04EC0-301F-11D3-BF4B-00C04F79EFBC}") = "Grapple Snapple", "Assembly-CSharp.csproj", "{77F67EDD-6578-0AC3-5AE1-D5FD74E208C6}"
EndProject
Project("{FAE04EC0-301F-11D3-BF4B-00C04F79EFBC}") = "Grapple Snapple", "Assembly-CSharp-Editor-firstpass.csproj", "{930D2C05-AB24-2C13-47A2-B1C14B20E72D}"
EndProject
Project("{FAE04EC0-301F-11D3-BF4B-00C04F79EFBC}") = "Grapple Snapple", "Assembly-CSharp-Editor.csproj", "{EA0F95DC-F2A2-8170-0461-69850299BD0F}"
EndProject
Global
	GlobalSection(SolutionConfigurationPlatforms) = preSolution
		Debug|Any CPU = Debug|Any CPU
		Release|Any CPU = Release|Any CPU
	EndGlobalSection
	GlobalSection(ProjectConfigurationPlatforms) = postSolution
		{87EB5A69-088C-33F8-6445-44AE264B0583}.Debug|Any CPU.ActiveCfg = Debug|Any CPU
		{87EB5A69-088C-33F8-6445-44AE264B0583}.Debug|Any CPU.Build.0 = Debug|Any CPU
		{87EB5A69-088C-33F8-6445-44AE264B0583}.Release|Any CPU.ActiveCfg = Release|Any CPU
		{87EB5A69-088C-33F8-6445-44AE264B0583}.Release|Any CPU.Build.0 = Release|Any CPU
		{77F67EDD-6578-0AC3-5AE1-D5FD74E208C6}.Debug|Any CPU.ActiveCfg = Debug|Any CPU
		{77F67EDD-6578-0AC3-5AE1-D5FD74E208C6}.Debug|Any CPU.Build.0 = Debug|Any CPU
		{77F67EDD-6578-0AC3-5AE1-D5FD74E208C6}.Release|Any CPU.ActiveCfg = Release|Any CPU
		{77F67EDD-6578-0AC3-5AE1-D5FD74E208C6}.Release|Any CPU.Build.0 = Release|Any CPU
		{930D2C05-AB24-2C13-47A2-B1C14B20E72D}.Debug|Any CPU.ActiveCfg = Debug|Any CPU
		{930D2C05-AB24-2C13-47A2-B1C14B20E72D}.Debug|Any CPU.Build.0 = Debug|Any CPU
		{930D2C05-AB24-2C13-47A2-B1C14B20E72D}.Release|Any CPU.ActiveCfg = Release|Any CPU
		{930D2C05-AB24-2C13-47A2-B1C14B20E72D}.Release|Any CPU.Build.0 = Release|Any CPU
		{EA0F95DC-F2A2-8170-0461-69850299BD0F}.Debug|Any CPU.ActiveCfg = Debug|Any CPU
		{EA0F95DC-F2A2-8170-0461-69850299BD0F}.Debug|Any CPU.Build.0 = Debug|Any CPU
		{EA0F95DC-F2A2-8170-0461-69850299BD0F}.Release|Any CPU.ActiveCfg = Release|Any CPU
		{EA0F95DC-F2A2-8170-0461-69850299BD0F}.Release|Any CPU.Build.0 = Release|Any CPU
	EndGlobalSection
	GlobalSection(SolutionProperties) = preSolution
		HideSolutionNode = FALSE
	EndGlobalSection
	GlobalSection(MonoDevelopProperties) = preSolution
		StartupItem = Assembly-CSharp.csproj
	EndGlobalSection
EndGlobal
